PODS:
  - app_settings (5.1.1):
    - Flutter
  - assets_audio_player (0.0.1):
    - Flutter
  - assets_audio_player_web (0.0.1):
    - Flutter
  - better_file_md5_plugin (0.0.1):
    - Flutter
  - connectivity_plus (0.0.1):
    - Flutter
    - ReachabilitySwift
  - device_info_plus (0.0.1):
    - Flutter
  - Flutter (1.0.0)
  - fluttertoast (0.0.2):
    - Flutter
    - Toast
  - image_gallery_saver (2.0.2):
    - Flutter
  - image_picker_ios (0.0.1):
    - Flutter
  - path_provider_foundation (0.0.1):
    - Flutter
    - FlutterMacOS
  - permission_handler_apple (9.1.1):
    - Flutter
  - ReachabilitySwift (5.2.1)
  - shared_preferences_foundation (0.0.1):
    - Flutter
    - FlutterMacOS
  - Toast (4.1.0)
  - vibration (1.7.5):
    - Flutter
  - wakelock (0.0.1):
    - Flutter

DEPENDENCIES:
  - app_settings (from `.symlinks/plugins/app_settings/ios`)
  - assets_audio_player (from `.symlinks/plugins/assets_audio_player/ios`)
  - assets_audio_player_web (from `.symlinks/plugins/assets_audio_player_web/ios`)
  - better_file_md5_plugin (from `.symlinks/plugins/better_file_md5_plugin/ios`)
  - connectivity_plus (from `.symlinks/plugins/connectivity_plus/ios`)
  - device_info_plus (from `.symlinks/plugins/device_info_plus/ios`)
  - Flutter (from `Flutter`)
  - fluttertoast (from `.symlinks/plugins/fluttertoast/ios`)
  - image_gallery_saver (from `.symlinks/plugins/image_gallery_saver/ios`)
  - image_picker_ios (from `.symlinks/plugins/image_picker_ios/ios`)
  - path_provider_foundation (from `.symlinks/plugins/path_provider_foundation/darwin`)
  - permission_handler_apple (from `.symlinks/plugins/permission_handler_apple/ios`)
  - shared_preferences_foundation (from `.symlinks/plugins/shared_preferences_foundation/darwin`)
  - vibration (from `.symlinks/plugins/vibration/ios`)
  - wakelock (from `.symlinks/plugins/wakelock/ios`)

SPEC REPOS:
  trunk:
    - ReachabilitySwift
    - Toast

EXTERNAL SOURCES:
  app_settings:
    :path: ".symlinks/plugins/app_settings/ios"
  assets_audio_player:
    :path: ".symlinks/plugins/assets_audio_player/ios"
  assets_audio_player_web:
    :path: ".symlinks/plugins/assets_audio_player_web/ios"
  better_file_md5_plugin:
    :path: ".symlinks/plugins/better_file_md5_plugin/ios"
  connectivity_plus:
    :path: ".symlinks/plugins/connectivity_plus/ios"
  device_info_plus:
    :path: ".symlinks/plugins/device_info_plus/ios"
  Flutter:
    :path: Flutter
  fluttertoast:
    :path: ".symlinks/plugins/fluttertoast/ios"
  image_gallery_saver:
    :path: ".symlinks/plugins/image_gallery_saver/ios"
  image_picker_ios:
    :path: ".symlinks/plugins/image_picker_ios/ios"
  path_provider_foundation:
    :path: ".symlinks/plugins/path_provider_foundation/darwin"
  permission_handler_apple:
    :path: ".symlinks/plugins/permission_handler_apple/ios"
  shared_preferences_foundation:
    :path: ".symlinks/plugins/shared_preferences_foundation/darwin"
  vibration:
    :path: ".symlinks/plugins/vibration/ios"
  wakelock:
    :path: ".symlinks/plugins/wakelock/ios"

SPEC CHECKSUMS:
  app_settings: fdb6be33c32fd8506e6c9dea4f556a1d02ee5235
  assets_audio_player: edee322b9cb625571b830b35872ead1a295fd917
  assets_audio_player_web: 19826380c44375761aa0b9053665c1e3fbc3b86b
  better_file_md5_plugin: 408ea7e823f089f5655f26612676f9aaad306ba7
  connectivity_plus: 561c03ae469723b275597c92827329d303e21dc2
  device_info_plus: e5c5da33f982a436e103237c0c85f9031142abed
  Flutter: e0871f40cf51350855a761d2e70bf5af5b9b5de7
  fluttertoast: e9a18c7be5413da53898f660530c56f35edfba9c
  image_gallery_saver: cb43cc43141711190510e92c460eb1655cd343cb
  image_picker_ios: c560581cceedb403a6ff17f2f816d7fea1421fc1
  path_provider_foundation: 2b6b4c569c0fb62ec74538f866245ac84301af46
  permission_handler_apple: e76247795d700c14ea09e3a2d8855d41ee80a2e6
  ReachabilitySwift: 5ae15e16814b5f9ef568963fb2c87aeb49158c66
  shared_preferences_foundation: fcdcbc04712aee1108ac7fda236f363274528f78
  Toast: ec33c32b8688982cecc6348adeae667c1b9938da
  vibration: 7d883d141656a1c1a6d8d238616b2042a51a1241
  wakelock: 21cfb3e17edfb1a3925668f7783013265b38ec7d

PODFILE CHECKSUM: 7be2f5f74864d463a8ad433546ed1de7e0f29aef

COCOAPODS: 1.15.2
